
Microsoft Visual Studio Solution File, Format Version 12.00
# Visual Studio Version 17
VisualStudioVersion = 17.5.002.0
MinimumVisualStudioVersion = 10.0.40219.1
Project("{9A19103F-16F7-4668-BE54-9A1E7A4F7556}") = "Aluno Breno", "Aluno Breno.csproj", "{CE6830CE-D0FA-40E3-B50F-BF5CBFF34074}"
EndProject
Global
	GlobalSection(SolutionConfigurationPlatforms) = preSolution
		Debug|Any CPU = Debug|Any CPU
		Release|Any CPU = Release|Any CPU
	EndGlobalSection
	GlobalSection(ProjectConfigurationPlatforms) = postSolution
		{CE6830CE-D0FA-40E3-B50F-BF5CBFF34074}.Debug|Any CPU.ActiveCfg = Debug|Any CPU
		{CE6830CE-D0FA-40E3-B50F-BF5CBFF34074}.Debug|Any CPU.Build.0 = Debug|Any CPU
		{CE6830CE-D0FA-40E3-B50F-BF5CBFF34074}.Release|Any CPU.ActiveCfg = Release|Any CPU
		{CE6830CE-D0FA-40E3-B50F-BF5CBFF34074}.Release|Any CPU.Build.0 = Release|Any CPU
	EndGlobalSection
	GlobalSection(SolutionProperties) = preSolution
		HideSolutionNode = FALSE
	EndGlobalSection
	GlobalSection(ExtensibilityGlobals) = postSolution
		SolutionGuid = {0C08BA13-0425-43E6-8D91-6C5899018792}
	EndGlobalSection
EndGlobal
